
Microsoft Visual Studio Solution File, Format Version 12.00
# Visual Studio 15
VisualStudioVersion = 15.0.28307.329
MinimumVisualStudioVersion = 10.0.40219.1
Project("{FAE04EC0-301F-11D3-BF4B-00C04F79EFBC}") = "CSharpLinkedListExample1", "CSharpLinkedListExample1\CSharpLinkedListExample1.csproj", "{5D51F918-8AC2-4ED1-B27E-426001176ED7}"
EndProject
Global
	GlobalSection(SolutionConfigurationPlatforms) = preSolution
		Debug|Any CPU = Debug|Any CPU
		Release|Any CPU = Release|Any CPU
	EndGlobalSection
	GlobalSection(ProjectConfigurationPlatforms) = postSolution
		{5D51F918-8AC2-4ED1-B27E-426001176ED7}.Debug|Any CPU.ActiveCfg = Debug|Any CPU
		{5D51F918-8AC2-4ED1-B27E-426001176ED7}.Debug|Any CPU.Build.0 = Debug|Any CPU
		{5D51F918-8AC2-4ED1-B27E-426001176ED7}.Release|Any CPU.ActiveCfg = Release|Any CPU
		{5D51F918-8AC2-4ED1-B27E-426001176ED7}.Release|Any CPU.Build.0 = Release|Any CPU
	EndGlobalSection
	GlobalSection(SolutionProperties) = preSolution
		HideSolutionNode = FALSE
	EndGlobalSection
	GlobalSection(ExtensibilityGlobals) = postSolution
		SolutionGuid = {9729F385-70C6-4102-BD38-9BDF767F396E}
	EndGlobalSection
EndGlobal
