
Microsoft Visual Studio Solution File, Format Version 12.00
# Visual Studio 15
VisualStudioVersion = 15.0.28307.329
MinimumVisualStudioVersion = 10.0.40219.1
Project("{FAE04EC0-301F-11D3-BF4B-00C04F79EFBC}") = "UseOfMultipleInterfaces", "UseOfMultipleInterfaces\UseOfMultipleInterfaces.csproj", "{9E84663B-4597-4D4F-A879-FE487A7151D4}"
EndProject
Global
	GlobalSection(SolutionConfigurationPlatforms) = preSolution
		Debug|Any CPU = Debug|Any CPU
		Release|Any CPU = Release|Any CPU
	EndGlobalSection
	GlobalSection(ProjectConfigurationPlatforms) = postSolution
		{9E84663B-4597-4D4F-A879-FE487A7151D4}.Debug|Any CPU.ActiveCfg = Debug|Any CPU
		{9E84663B-4597-4D4F-A879-FE487A7151D4}.Debug|Any CPU.Build.0 = Debug|Any CPU
		{9E84663B-4597-4D4F-A879-FE487A7151D4}.Release|Any CPU.ActiveCfg = Release|Any CPU
		{9E84663B-4597-4D4F-A879-FE487A7151D4}.Release|Any CPU.Build.0 = Release|Any CPU
	EndGlobalSection
	GlobalSection(SolutionProperties) = preSolution
		HideSolutionNode = FALSE
	EndGlobalSection
	GlobalSection(ExtensibilityGlobals) = postSolution
		SolutionGuid = {0E0AC822-9596-448E-8A04-1C0298952C35}
	EndGlobalSection
EndGlobal
