
Microsoft Visual Studio Solution File, Format Version 12.00
# Visual Studio 15
VisualStudioVersion = 15.0.28307.329
MinimumVisualStudioVersion = 10.0.40219.1
Project("{FAE04EC0-301F-11D3-BF4B-00C04F79EFBC}") = "CSharpPropertiesExample", "CSharpPropertiesExample\CSharpPropertiesExample.csproj", "{77D08096-9030-4D8A-A1D8-FF4BD500F930}"
EndProject
Global
	GlobalSection(SolutionConfigurationPlatforms) = preSolution
		Debug|Any CPU = Debug|Any CPU
		Release|Any CPU = Release|Any CPU
	EndGlobalSection
	GlobalSection(ProjectConfigurationPlatforms) = postSolution
		{77D08096-9030-4D8A-A1D8-FF4BD500F930}.Debug|Any CPU.ActiveCfg = Debug|Any CPU
		{77D08096-9030-4D8A-A1D8-FF4BD500F930}.Debug|Any CPU.Build.0 = Debug|Any CPU
		{77D08096-9030-4D8A-A1D8-FF4BD500F930}.Release|Any CPU.ActiveCfg = Release|Any CPU
		{77D08096-9030-4D8A-A1D8-FF4BD500F930}.Release|Any CPU.Build.0 = Release|Any CPU
	EndGlobalSection
	GlobalSection(SolutionProperties) = preSolution
		HideSolutionNode = FALSE
	EndGlobalSection
	GlobalSection(ExtensibilityGlobals) = postSolution
		SolutionGuid = {5C82EDCF-BAB0-4B58-9923-AEA408724E93}
	EndGlobalSection
EndGlobal
