
Microsoft Visual Studio Solution File, Format Version 12.00
# Visual Studio 15
VisualStudioVersion = 15.0.28307.329
MinimumVisualStudioVersion = 10.0.40219.1
Project("{FAE04EC0-301F-11D3-BF4B-00C04F79EFBC}") = "AbstractClassExample", "AbstractClassExample\AbstractClassExample.csproj", "{CA767CBE-D0D3-4FBA-AD9E-45F68BEB76BE}"
EndProject
Global
	GlobalSection(SolutionConfigurationPlatforms) = preSolution
		Debug|Any CPU = Debug|Any CPU
		Release|Any CPU = Release|Any CPU
	EndGlobalSection
	GlobalSection(ProjectConfigurationPlatforms) = postSolution
		{CA767CBE-D0D3-4FBA-AD9E-45F68BEB76BE}.Debug|Any CPU.ActiveCfg = Debug|Any CPU
		{CA767CBE-D0D3-4FBA-AD9E-45F68BEB76BE}.Debug|Any CPU.Build.0 = Debug|Any CPU
		{CA767CBE-D0D3-4FBA-AD9E-45F68BEB76BE}.Release|Any CPU.ActiveCfg = Release|Any CPU
		{CA767CBE-D0D3-4FBA-AD9E-45F68BEB76BE}.Release|Any CPU.Build.0 = Release|Any CPU
	EndGlobalSection
	GlobalSection(SolutionProperties) = preSolution
		HideSolutionNode = FALSE
	EndGlobalSection
	GlobalSection(ExtensibilityGlobals) = postSolution
		SolutionGuid = {01A48AD9-1028-40FA-AE24-2A5E78D18CA8}
	EndGlobalSection
EndGlobal
