
Microsoft Visual Studio Solution File, Format Version 12.00
# Visual Studio 15
VisualStudioVersion = 15.0.28307.329
MinimumVisualStudioVersion = 10.0.40219.1
Project("{FAE04EC0-301F-11D3-BF4B-00C04F79EFBC}") = "CsharpFunctionDemo", "CsharpFunctionDemo\CsharpFunctionDemo.csproj", "{EDFAAC7A-8E69-458B-9DEC-6A8AC62AED9B}"
EndProject
Global
	GlobalSection(SolutionConfigurationPlatforms) = preSolution
		Debug|Any CPU = Debug|Any CPU
		Release|Any CPU = Release|Any CPU
	EndGlobalSection
	GlobalSection(ProjectConfigurationPlatforms) = postSolution
		{EDFAAC7A-8E69-458B-9DEC-6A8AC62AED9B}.Debug|Any CPU.ActiveCfg = Debug|Any CPU
		{EDFAAC7A-8E69-458B-9DEC-6A8AC62AED9B}.Debug|Any CPU.Build.0 = Debug|Any CPU
		{EDFAAC7A-8E69-458B-9DEC-6A8AC62AED9B}.Release|Any CPU.ActiveCfg = Release|Any CPU
		{EDFAAC7A-8E69-458B-9DEC-6A8AC62AED9B}.Release|Any CPU.Build.0 = Release|Any CPU
	EndGlobalSection
	GlobalSection(SolutionProperties) = preSolution
		HideSolutionNode = FALSE
	EndGlobalSection
	GlobalSection(ExtensibilityGlobals) = postSolution
		SolutionGuid = {F449A8EE-5C18-4444-9C68-536B6FC26C2F}
	EndGlobalSection
EndGlobal
