
Microsoft Visual Studio Solution File, Format Version 12.00
# Visual Studio 15
VisualStudioVersion = 15.0.27703.1
MinimumVisualStudioVersion = 10.0.40219.1
Project("{FAE04EC0-301F-11D3-BF4B-00C04F79EFBC}") = "CSharpInheritance", "CSharpInheritance\CSharpInheritance.csproj", "{719718F4-38AD-4E36-B4CF-3E67F3F877A1}"
EndProject
Global
	GlobalSection(SolutionConfigurationPlatforms) = preSolution
		Debug|Any CPU = Debug|Any CPU
		Release|Any CPU = Release|Any CPU
	EndGlobalSection
	GlobalSection(ProjectConfigurationPlatforms) = postSolution
		{719718F4-38AD-4E36-B4CF-3E67F3F877A1}.Debug|Any CPU.ActiveCfg = Debug|Any CPU
		{719718F4-38AD-4E36-B4CF-3E67F3F877A1}.Debug|Any CPU.Build.0 = Debug|Any CPU
		{719718F4-38AD-4E36-B4CF-3E67F3F877A1}.Release|Any CPU.ActiveCfg = Release|Any CPU
		{719718F4-38AD-4E36-B4CF-3E67F3F877A1}.Release|Any CPU.Build.0 = Release|Any CPU
	EndGlobalSection
	GlobalSection(SolutionProperties) = preSolution
		HideSolutionNode = FALSE
	EndGlobalSection
	GlobalSection(ExtensibilityGlobals) = postSolution
		SolutionGuid = {EE8AA874-75BB-4B46-8B7E-F7EAC8EA941A}
	EndGlobalSection
EndGlobal
